
Microsoft Visual Studio Solution File, Format Version 12.00
# Visual Studio Version 16
VisualStudioVersion = 16.0.30804.86
MinimumVisualStudioVersion = 10.0.40219.1
Project("{FAE04EC0-301F-11D3-BF4B-00C04F79EFBC}") = "DbBenchmark", "DbBenchmark\DbBenchmark.csproj", "{5E037C99-B530-4C25-BBB0-D51AC8A066A1}"
EndProject
Global
	GlobalSection(SolutionConfigurationPlatforms) = preSolution
		Debug|Any CPU = Debug|Any CPU
		Release|Any CPU = Release|Any CPU
	EndGlobalSection
	GlobalSection(ProjectConfigurationPlatforms) = postSolution
		{5E037C99-B530-4C25-BBB0-D51AC8A066A1}.Debug|Any CPU.ActiveCfg = Debug|Any CPU
		{5E037C99-B530-4C25-BBB0-D51AC8A066A1}.Debug|Any CPU.Build.0 = Debug|Any CPU
		{5E037C99-B530-4C25-BBB0-D51AC8A066A1}.Release|Any CPU.ActiveCfg = Release|Any CPU
		{5E037C99-B530-4C25-BBB0-D51AC8A066A1}.Release|Any CPU.Build.0 = Release|Any CPU
	EndGlobalSection
	GlobalSection(SolutionProperties) = preSolution
		HideSolutionNode = FALSE
	EndGlobalSection
	GlobalSection(ExtensibilityGlobals) = postSolution
		SolutionGuid = {348A0BDE-287D-4704-B6CF-887B5B4DE86A}
	EndGlobalSection
EndGlobal
